{
  "version": 4,
  "terraform_version": "1.1.7",
  "serial": 186,
  "lineage": "fa3a7752-6929-b325-fa0b-499eca5d1eee",
  "outputs": {},
  "resources": [
    {
      "module": "module.database",
      "mode": "managed",
      "type": "google_sql_database_instance",
      "name": "sql",
      "provider": "provider[\"registry.terraform.io/hashicorp/google\"]",
      "instances": [
        {
          "schema_version": 0,
          "attributes": {
            "clone": [],
            "connection_name": "rcgnaecomoffshorepdp1000105852:europe-west2:sql",
            "database_version": "MYSQL_5_7",
            "deletion_protection": false,
            "first_ip_address": "10.247.0.3",
            "id": "sql",
            "ip_address": [
              {
                "ip_address": "10.247.0.3",
                "time_to_retire": "",
                "type": "PRIVATE"
              }
            ],
            "master_instance_name": "",
            "name": "sql",
            "private_ip_address": "10.247.0.3",
            "project": "rcgnaecomoffshorepdp1000105852",
            "public_ip_address": "",
            "region": "europe-west2",
            "replica_configuration": [],
            "restore_backup_context": [],
            "root_password": null,
            "self_link": "https://sqladmin.googleapis.com/sql/v1beta4/projects/rcgnaecomoffshorepdp1000105852/instances/sql",
            "server_ca_cert": [
              {
                "cert": "-----BEGIN CERTIFICATE-----\nMIIDfzCCAmegAwIBAgIBADANBgkqhkiG9w0BAQsFADB3MS0wKwYDVQQuEyRmZmRm\nNWMyZi0xNzEzLTRhMDgtOGJkZC1jZjE0ODBlMmZkYjExIzAhBgNVBAMTGkdvb2ds\nZSBDbG91ZCBTUUwgU2VydmVyIENBMRQwEgYDVQQKEwtHb29nbGUsIEluYzELMAkG\nA1UEBhMCVVMwHhcNMjIwNzE2MTkzMTMxWhcNMzIwNzEzMTkzMjMxWjB3MS0wKwYD\nVQQuEyRmZmRmNWMyZi0xNzEzLTRhMDgtOGJkZC1jZjE0ODBlMmZkYjExIzAhBgNV\nBAMTGkdvb2dsZSBDbG91ZCBTUUwgU2VydmVyIENBMRQwEgYDVQQKEwtHb29nbGUs\nIEluYzELMAkGA1UEBhMCVVMwggEiMA0GCSqGSIb3DQEBAQUAA4IBDwAwggEKAoIB\nAQCv3PYilcJ9HuSoxUny6FeFEjGq1gOQkg0hRldFAbqtSmalb2e0sWuntVtZInCi\nUK/6vpXGANaSfnE7eOkS9rakPmTvGnxERMu5ZmYcbsCsrDrhJYuvVqtgmyQfdWFj\nvbG1+wN0/cktLsi1WdVAR71CPXortgT3VXgpEt48iq7dkrfVfflV9gyMZbS2uuPQ\nYInZc3sEKCxNvRFZ9Cpec9r127kgFmm1dfsTczfCzW3TFoiP75UqI4vP1QbPgWpW\nL9bO5m4Hnv+8zapr7zokzBtYo5G/qKQS+OahcFxb/721LNY8ULV9jgB4r6VU4QX6\n1NPV2pwP5QmJyuncPI4qCN7fAgMBAAGjFjAUMBIGA1UdEwEB/wQIMAYBAf8CAQAw\nDQYJKoZIhvcNAQELBQADggEBAAWvlejMGxB8KliOUhakqqM/fD9/hxfTmWX3XhS0\n5fQxii9VNWKfnI+sqs7aIW6XWNrNPoieGA3tXanWgO9gbz6CGSq9E4OFKOKgYE2G\naS33AArs/o7rOneHpjEeGHuU0RF1bfPeYq1thSEW5MiRmfXmQ9V7fe+dfbvR2Jh7\n7KXs6z/zP86ANx92g0F7hwyRQvbnF5GeJkgX7ABub2I4jAXxihSf85LUOeWHAIxh\noRy3u+ytsAnw8Tp0+J9na1KrBrTz2McOTuAXgl3gSzOJsHzGl1nl6mnmZKvACvo4\ncHoBTQH00PP0JNLnAMgSMQNy08WrLnhSbreGmTTJ1F0uULs=\n-----END CERTIFICATE-----",
                "common_name": "C=US,O=Google\\, Inc,CN=Google Cloud SQL Server CA,dnQualifier=ffdf5c2f-1713-4a08-8bdd-cf1480e2fdb1",
                "create_time": "2022-07-16T19:31:31.503Z",
                "expiration_time": "2032-07-13T19:32:31.503Z",
                "sha1_fingerprint": "ab03c504deece26c36fc029d543af51032e6210d"
              }
            ],
            "service_account_email_address": "p171559408298-y6836n@gcp-sa-cloud-sql.iam.gserviceaccount.com",
            "settings": [
              {
                "activation_policy": "ALWAYS",
                "active_directory_config": [],
                "availability_type": "ZONAL",
                "backup_configuration": [
                  {
                    "backup_retention_settings": [
                      {
                        "retained_backups": 7,
                        "retention_unit": "COUNT"
                      }
                    ],
                    "binary_log_enabled": false,
                    "enabled": false,
                    "location": "",
                    "point_in_time_recovery_enabled": false,
                    "start_time": "22:00",
                    "transaction_log_retention_days": 7
                  }
                ],
                "collation": "",
                "database_flags": [],
                "disk_autoresize": true,
                "disk_autoresize_limit": 0,
                "disk_size": 10,
                "disk_type": "PD_SSD",
                "insights_config": [],
                "ip_configuration": [
                  {
                    "allocated_ip_range": "",
                    "authorized_networks": [],
                    "ipv4_enabled": false,
                    "private_network": "projects/rcgnaecomoffshorepdp1000105852/global/networks/main",
                    "require_ssl": false
                  }
                ],
                "location_preference": [
                  {
                    "follow_gae_application": "",
                    "zone": "europe-west2-b"
                  }
                ],
                "maintenance_window": [],
                "pricing_plan": "PER_USE",
                "tier": "db-f1-micro",
                "user_labels": {},
                "version": 1
              }
            ],
            "timeouts": null
          },
          "sensitive_attributes": [],
          "private": "eyJlMmJmYjczMC1lY2FhLTExZTYtOGY4OC0zNDM2M2JjN2M0YzAiOnsiY3JlYXRlIjoxODAwMDAwMDAwMDAwLCJkZWxldGUiOjE4MDAwMDAwMDAwMDAsInVwZGF0ZSI6MTgwMDAwMDAwMDAwMH19",
          "dependencies": [
            "module.networking.google_compute_global_address.private_ip_address",
            "module.networking.google_compute_network.main",
            "module.networking.google_service_networking_connection.main_vpc_connection"
          ]
        }
      ]
    },
    {
      "module": "module.database",
      "mode": "managed",
      "type": "google_sql_user",
      "name": "admin",
      "provider": "provider[\"registry.terraform.io/hashicorp/google\"]",
      "instances": [
        {
          "index_key": 0,
          "schema_version": 1,
          "attributes": {
            "deletion_policy": null,
            "host": "%",
            "id": "admin/%/sql",
            "instance": "sql",
            "name": "admin",
            "password": "123456",
            "project": "rcgnaecomoffshorepdp1000105852",
            "sql_server_user_details": [],
            "timeouts": null,
            "type": ""
          },
          "sensitive_attributes": [],
          "private": "eyJlMmJmYjczMC1lY2FhLTExZTYtOGY4OC0zNDM2M2JjN2M0YzAiOnsiY3JlYXRlIjo2MDAwMDAwMDAwMDAsImRlbGV0ZSI6NjAwMDAwMDAwMDAwLCJ1cGRhdGUiOjYwMDAwMDAwMDAwMH0sInNjaGVtYV92ZXJzaW9uIjoiMSJ9",
          "dependencies": [
            "module.database.google_sql_database_instance.sql",
            "module.networking.google_compute_global_address.private_ip_address",
            "module.networking.google_compute_network.main",
            "module.networking.google_service_networking_connection.main_vpc_connection"
          ]
        }
      ]
    },
    {
      "module": "module.networking",
      "mode": "data",
      "type": "google_compute_zones",
      "name": "available",
      "provider": "provider[\"registry.terraform.io/hashicorp/google\"]",
      "instances": [
        {
          "schema_version": 0,
          "attributes": {
            "id": "projects/rcgnaecomoffshorepdp1000105852/regions/europe-west2",
            "names": [
              "europe-west2-a",
              "europe-west2-b",
              "europe-west2-c"
            ],
            "project": "rcgnaecomoffshorepdp1000105852",
            "region": "europe-west2",
            "status": null
          },
          "sensitive_attributes": []
        }
      ]
    },
    {
      "module": "module.networking",
      "mode": "managed",
      "type": "google_compute_backend_service",
      "name": "default",
      "provider": "provider[\"registry.terraform.io/hashicorp/google\"]",
      "instances": [
        {
          "schema_version": 1,
          "attributes": {
            "affinity_cookie_ttl_sec": 0,
            "backend": [
              {
                "balancing_mode": "UTILIZATION",
                "capacity_scaler": 1,
                "description": "",
                "group": "https://www.googleapis.com/compute/v1/projects/rcgnaecomoffshorepdp1000105852/regions/europe-west2/instanceGroups/vm-web-igm",
                "max_connections": 0,
                "max_connections_per_endpoint": 0,
                "max_connections_per_instance": 0,
                "max_rate": 0,
                "max_rate_per_endpoint": 0,
                "max_rate_per_instance": 0,
                "max_utilization": 0
              }
            ],
            "cdn_policy": [
              {
                "cache_key_policy": [],
                "cache_mode": "CACHE_ALL_STATIC",
                "client_ttl": 3600,
                "default_ttl": 3600,
                "max_ttl": 86400,
                "negative_caching": true,
                "negative_caching_policy": [],
                "serve_while_stale": 86400,
                "signed_url_cache_max_age_sec": 0
              }
            ],
            "circuit_breakers": [],
            "connection_draining_timeout_sec": 300,
            "consistent_hash": [],
            "creation_timestamp": "2022-07-17T04:39:52.511-07:00",
            "custom_request_headers": [
              "X-Client-Geo-Location: {client_region_subdivision}, {client_city}"
            ],
            "custom_response_headers": [
              "X-Cache-Hit: {cdn_cache_status}"
            ],
            "description": "",
            "enable_cdn": true,
            "fingerprint": "fxofq4qkAKY=",
            "health_checks": [
              "https://www.googleapis.com/compute/v1/projects/rcgnaecomoffshorepdp1000105852/global/healthChecks/autohealing-health-check"
            ],
            "iap": [],
            "id": "projects/rcgnaecomoffshorepdp1000105852/global/backendServices/l7-xlb-backend-service-8",
            "load_balancing_scheme": "EXTERNAL",
            "locality_lb_policy": "",
            "log_config": [],
            "name": "l7-xlb-backend-service-8",
            "outlier_detection": [],
            "port_name": "my-port",
            "project": "rcgnaecomoffshorepdp1000105852",
            "protocol": "HTTP",
            "security_policy": "https://www.googleapis.com/compute/v1/projects/rcgnaecomoffshorepdp1000105852/global/securityPolicies/my-policy",
            "security_settings": [],
            "self_link": "https://www.googleapis.com/compute/v1/projects/rcgnaecomoffshorepdp1000105852/global/backendServices/l7-xlb-backend-service-8",
            "session_affinity": "NONE",
            "timeout_sec": 10,
            "timeouts": null
          },
          "sensitive_attributes": [],
          "private": "eyJlMmJmYjczMC1lY2FhLTExZTYtOGY4OC0zNDM2M2JjN2M0YzAiOnsiY3JlYXRlIjoxMjAwMDAwMDAwMDAwLCJkZWxldGUiOjEyMDAwMDAwMDAwMDAsInVwZGF0ZSI6MTIwMDAwMDAwMDAwMH0sInNjaGVtYV92ZXJzaW9uIjoiMSJ9",
          "dependencies": [
            "module.networking.data.google_compute_zones.available",
            "module.networking.google_compute_health_check.autohealing",
            "module.networking.google_compute_instance_template.vm_web_template",
            "module.networking.google_compute_network.main",
            "module.networking.google_compute_region_instance_group_manager.vm_web_igm",
            "module.networking.google_compute_security_policy.policy",
            "module.networking.google_compute_subnetwork.private_subnet_1"
          ]
        }
      ]
    },
    {
      "module": "module.networking",
      "mode": "managed",
      "type": "google_compute_firewall",
      "name": "allow_http_https_webs",
      "provider": "provider[\"registry.terraform.io/hashicorp/google\"]",
      "instances": [
        {
          "schema_version": 1,
          "attributes": {
            "allow": [
              {
                "ports": [
                  "80",
                  "443"
                ],
                "protocol": "tcp"
              }
            ],
            "creation_timestamp": "2022-07-16T12:28:52.672-07:00",
            "deny": [],
            "description": "Allow http/https for all source range",
            "destination_ranges": [],
            "direction": "INGRESS",
            "disabled": false,
            "enable_logging": null,
            "id": "projects/rcgnaecomoffshorepdp1000105852/global/firewalls/allow-http-https-webs",
            "log_config": [],
            "name": "allow-http-https-webs",
            "network": "https://www.googleapis.com/compute/v1/projects/rcgnaecomoffshorepdp1000105852/global/networks/main",
            "priority": 1000,
            "project": "rcgnaecomoffshorepdp1000105852",
            "self_link": "https://www.googleapis.com/compute/v1/projects/rcgnaecomoffshorepdp1000105852/global/firewalls/allow-http-https-webs",
            "source_ranges": [
              "0.0.0.0/0"
            ],
            "source_service_accounts": [],
            "source_tags": [],
            "target_service_accounts": [],
            "target_tags": [
              "web"
            ],
            "timeouts": null
          },
          "sensitive_attributes": [],
          "private": "eyJlMmJmYjczMC1lY2FhLTExZTYtOGY4OC0zNDM2M2JjN2M0YzAiOnsiY3JlYXRlIjoxMjAwMDAwMDAwMDAwLCJkZWxldGUiOjEyMDAwMDAwMDAwMDAsInVwZGF0ZSI6MTIwMDAwMDAwMDAwMH0sInNjaGVtYV92ZXJzaW9uIjoiMSJ9",
          "dependencies": [
            "module.networking.google_compute_network.main"
          ]
        }
      ]
    },
    {
      "module": "module.networking",
      "mode": "managed",
      "type": "google_compute_firewall",
      "name": "allow_ssh_main",
      "provider": "provider[\"registry.terraform.io/hashicorp/google\"]",
      "instances": [
        {
          "schema_version": 1,
          "attributes": {
            "allow": [
              {
                "ports": [
                  "22"
                ],
                "protocol": "tcp"
              }
            ],
            "creation_timestamp": "2022-07-16T12:28:52.678-07:00",
            "deny": [],
            "description": "Allow http/https for all source range",
            "destination_ranges": [],
            "direction": "INGRESS",
            "disabled": false,
            "enable_logging": null,
            "id": "projects/rcgnaecomoffshorepdp1000105852/global/firewalls/allow-ssh-main",
            "log_config": [],
            "name": "allow-ssh-main",
            "network": "https://www.googleapis.com/compute/v1/projects/rcgnaecomoffshorepdp1000105852/global/networks/main",
            "priority": 1000,
            "project": "rcgnaecomoffshorepdp1000105852",
            "self_link": "https://www.googleapis.com/compute/v1/projects/rcgnaecomoffshorepdp1000105852/global/firewalls/allow-ssh-main",
            "source_ranges": [
              "0.0.0.0/0"
            ],
            "source_service_accounts": [],
            "source_tags": [],
            "target_service_accounts": [],
            "target_tags": [],
            "timeouts": null
          },
          "sensitive_attributes": [],
          "private": "eyJlMmJmYjczMC1lY2FhLTExZTYtOGY4OC0zNDM2M2JjN2M0YzAiOnsiY3JlYXRlIjoxMjAwMDAwMDAwMDAwLCJkZWxldGUiOjEyMDAwMDAwMDAwMDAsInVwZGF0ZSI6MTIwMDAwMDAwMDAwMH0sInNjaGVtYV92ZXJzaW9uIjoiMSJ9",
          "dependencies": [
            "module.networking.google_compute_network.main"
          ]
        }
      ]
    },
    {
      "module": "module.networking",
      "mode": "managed",
      "type": "google_compute_firewall",
      "name": "fw-iap",
      "provider": "provider[\"registry.terraform.io/hashicorp/google\"]",
      "instances": [
        {
          "schema_version": 1,
          "attributes": {
            "allow": [
              {
                "ports": [],
                "protocol": "tcp"
              }
            ],
            "creation_timestamp": "2022-07-17T08:12:39.876-07:00",
            "deny": [],
            "description": "",
            "destination_ranges": [],
            "direction": "INGRESS",
            "disabled": false,
            "enable_logging": null,
            "id": "projects/rcgnaecomoffshorepdp1000105852/global/firewalls/l7-xlb-fw-allow-iap-hc",
            "log_config": [],
            "name": "l7-xlb-fw-allow-iap-hc",
            "network": "https://www.googleapis.com/compute/v1/projects/rcgnaecomoffshorepdp1000105852/global/networks/main",
            "priority": 1000,
            "project": "rcgnaecomoffshorepdp1000105852",
            "self_link": "https://www.googleapis.com/compute/v1/projects/rcgnaecomoffshorepdp1000105852/global/firewalls/l7-xlb-fw-allow-iap-hc",
            "source_ranges": [
              "130.211.0.0/22",
              "35.191.0.0/16",
              "35.235.240.0/20"
            ],
            "source_service_accounts": [],
            "source_tags": [],
            "target_service_accounts": [],
            "target_tags": [
              "allow-web-health-check",
              "http-app-server"
            ],
            "timeouts": null
          },
          "sensitive_attributes": [],
          "private": "eyJlMmJmYjczMC1lY2FhLTExZTYtOGY4OC0zNDM2M2JjN2M0YzAiOnsiY3JlYXRlIjoxMjAwMDAwMDAwMDAwLCJkZWxldGUiOjEyMDAwMDAwMDAwMDAsInVwZGF0ZSI6MTIwMDAwMDAwMDAwMH0sInNjaGVtYV92ZXJzaW9uIjoiMSJ9",
          "dependencies": [
            "module.networking.google_compute_network.main"
          ]
        }
      ]
    },
    {
      "module": "module.networking",
      "mode": "managed",
      "type": "google_compute_firewall",
      "name": "fw-ilb-to-backends",
      "provider": "provider[\"registry.terraform.io/hashicorp/google\"]",
      "instances": [
        {
          "schema_version": 1,
          "attributes": {
            "allow": [
              {
                "ports": [
                  "80",
                  "443",
                  "8080"
                ],
                "protocol": "tcp"
              }
            ],
            "creation_timestamp": "2022-07-17T08:04:47.770-07:00",
            "deny": [],
            "description": "",
            "destination_ranges": [],
            "direction": "INGRESS",
            "disabled": false,
            "enable_logging": null,
            "id": "projects/rcgnaecomoffshorepdp1000105852/global/firewalls/l7-ilb-fw-allow-ilb-to-backends",
            "log_config": [],
            "name": "l7-ilb-fw-allow-ilb-to-backends",
            "network": "https://www.googleapis.com/compute/v1/projects/rcgnaecomoffshorepdp1000105852/global/networks/main",
            "priority": 1000,
            "project": "rcgnaecomoffshorepdp1000105852",
            "self_link": "https://www.googleapis.com/compute/v1/projects/rcgnaecomoffshorepdp1000105852/global/firewalls/l7-ilb-fw-allow-ilb-to-backends",
            "source_ranges": [
              "10.154.5.0/24"
            ],
            "source_service_accounts": [],
            "source_tags": [],
            "target_service_accounts": [],
            "target_tags": [
              "http-app-server"
            ],
            "timeouts": null
          },
          "sensitive_attributes": [],
          "private": "eyJlMmJmYjczMC1lY2FhLTExZTYtOGY4OC0zNDM2M2JjN2M0YzAiOnsiY3JlYXRlIjoxMjAwMDAwMDAwMDAwLCJkZWxldGUiOjEyMDAwMDAwMDAwMDAsInVwZGF0ZSI6MTIwMDAwMDAwMDAwMH0sInNjaGVtYV92ZXJzaW9uIjoiMSJ9",
          "dependencies": [
            "module.networking.google_compute_network.main"
          ]
        }
      ]
    },
    {
      "module": "module.networking",
      "mode": "managed",
      "type": "google_compute_forwarding_rule",
      "name": "l7_ilb_forwarding_rule",
      "provider": "provider[\"registry.terraform.io/hashicorp/google\"]",
      "instances": [
        {
          "schema_version": 0,
          "attributes": {
            "all_ports": false,
            "allow_global_access": false,
            "backend_service": "",
            "creation_timestamp": "2022-07-17T08:06:23.912-07:00",
            "description": "",
            "id": "projects/rcgnaecomoffshorepdp1000105852/regions/europe-west2/forwardingRules/l7-ilb-forwarding-rule",
            "ip_address": "10.154.4.8",
            "ip_protocol": "TCP",
            "is_mirroring_collector": false,
            "label_fingerprint": "42WmSpB8rSM=",
            "labels": {},
            "load_balancing_scheme": "INTERNAL_MANAGED",
            "name": "l7-ilb-forwarding-rule",
            "network": "projects/rcgnaecomoffshorepdp1000105852/global/networks/main",
            "network_tier": "PREMIUM",
            "port_range": "80",
            "ports": [],
            "project": "rcgnaecomoffshorepdp1000105852",
            "psc_connection_id": "",
            "psc_connection_status": "",
            "region": "europe-west2",
            "self_link": "https://www.googleapis.com/compute/v1/projects/rcgnaecomoffshorepdp1000105852/regions/europe-west2/forwardingRules/l7-ilb-forwarding-rule",
            "service_directory_registrations": [],
            "service_label": "",
            "service_name": "",
            "subnetwork": "projects/rcgnaecomoffshorepdp1000105852/regions/europe-west2/subnetworks/private-subnet-2",
            "target": "projects/rcgnaecomoffshorepdp1000105852/regions/europe-west2/targetHttpProxies/l7-ilb-target-http-proxy",
            "timeouts": null
          },
          "sensitive_attributes": [],
          "private": "eyJlMmJmYjczMC1lY2FhLTExZTYtOGY4OC0zNDM2M2JjN2M0YzAiOnsiY3JlYXRlIjoxMjAwMDAwMDAwMDAwLCJkZWxldGUiOjEyMDAwMDAwMDAwMDAsInVwZGF0ZSI6MTIwMDAwMDAwMDAwMH19",
          "dependencies": [
            "module.networking.data.google_compute_zones.available",
            "module.networking.google_compute_health_check.autohealing",
            "module.networking.google_compute_instance_template.vm_app_template",
            "module.networking.google_compute_network.main",
            "module.networking.google_compute_region_backend_service.default",
            "module.networking.google_compute_region_instance_group_manager.vm_app_igm",
            "module.networking.google_compute_region_target_http_proxy.default",
            "module.networking.google_compute_region_url_map.default",
            "module.networking.google_compute_subnetwork.private_subnet_2",
            "module.networking.google_compute_subnetwork.proxy_subnet"
          ]
        }
      ]
    },
    {
      "module": "module.networking",
      "mode": "managed",
      "type": "google_compute_global_address",
      "name": "default",
      "provider": "provider[\"registry.terraform.io/hashicorp/google\"]",
      "instances": [
        {
          "schema_version": 0,
          "attributes": {
            "address": "34.102.189.33",
            "address_type": "EXTERNAL",
            "creation_timestamp": "2022-07-16T12:28:30.659-07:00",
            "description": "",
            "id": "projects/rcgnaecomoffshorepdp1000105852/global/addresses/l7-xlb-static-ip",
            "ip_version": "",
            "name": "l7-xlb-static-ip",
            "network": "",
            "prefix_length": 0,
            "project": "rcgnaecomoffshorepdp1000105852",
            "purpose": "",
            "self_link": "https://www.googleapis.com/compute/v1/projects/rcgnaecomoffshorepdp1000105852/global/addresses/l7-xlb-static-ip",
            "timeouts": null
          },
          "sensitive_attributes": [],
          "private": "eyJlMmJmYjczMC1lY2FhLTExZTYtOGY4OC0zNDM2M2JjN2M0YzAiOnsiY3JlYXRlIjoxMjAwMDAwMDAwMDAwLCJkZWxldGUiOjEyMDAwMDAwMDAwMDB9fQ=="
        }
      ]
    },
    {
      "module": "module.networking",
      "mode": "managed",
      "type": "google_compute_global_address",
      "name": "private_ip_address",
      "provider": "provider[\"registry.terraform.io/hashicorp/google\"]",
      "instances": [
        {
          "schema_version": 0,
          "attributes": {
            "address": "10.247.0.0",
            "address_type": "INTERNAL",
            "creation_timestamp": "2022-07-16T12:28:52.684-07:00",
            "description": "",
            "id": "projects/rcgnaecomoffshorepdp1000105852/global/addresses/private-ip-address",
            "ip_version": "",
            "name": "private-ip-address",
            "network": "https://www.googleapis.com/compute/v1/projects/rcgnaecomoffshorepdp1000105852/global/networks/main",
            "prefix_length": 16,
            "project": "rcgnaecomoffshorepdp1000105852",
            "purpose": "VPC_PEERING",
            "self_link": "https://www.googleapis.com/compute/v1/projects/rcgnaecomoffshorepdp1000105852/global/addresses/private-ip-address",
            "timeouts": null
          },
          "sensitive_attributes": [],
          "private": "eyJlMmJmYjczMC1lY2FhLTExZTYtOGY4OC0zNDM2M2JjN2M0YzAiOnsiY3JlYXRlIjoxMjAwMDAwMDAwMDAwLCJkZWxldGUiOjEyMDAwMDAwMDAwMDB9fQ==",
          "dependencies": [
            "module.networking.google_compute_network.main"
          ]
        }
      ]
    },
    {
      "module": "module.networking",
      "mode": "managed",
      "type": "google_compute_global_forwarding_rule",
      "name": "default",
      "provider": "provider[\"registry.terraform.io/hashicorp/google\"]",
      "instances": [
        {
          "schema_version": 0,
          "attributes": {
            "description": "",
            "id": "projects/rcgnaecomoffshorepdp1000105852/global/forwardingRules/l7-xlb-forwarding-rule-8",
            "ip_address": "projects/rcgnaecomoffshorepdp1000105852/global/addresses/l7-xlb-static-ip",
            "ip_protocol": "TCP",
            "ip_version": "",
            "label_fingerprint": "42WmSpB8rSM=",
            "labels": {},
            "load_balancing_scheme": "EXTERNAL",
            "metadata_filters": [],
            "name": "l7-xlb-forwarding-rule-8",
            "network": "",
            "port_range": "80",
            "project": "rcgnaecomoffshorepdp1000105852",
            "psc_connection_id": "",
            "psc_connection_status": "",
            "self_link": "https://www.googleapis.com/compute/v1/projects/rcgnaecomoffshorepdp1000105852/global/forwardingRules/l7-xlb-forwarding-rule-8",
            "target": "projects/rcgnaecomoffshorepdp1000105852/global/targetHttpProxies/l7-xlb-target-http-proxy-8",
            "timeouts": null
          },
          "sensitive_attributes": [],
          "private": "eyJlMmJmYjczMC1lY2FhLTExZTYtOGY4OC0zNDM2M2JjN2M0YzAiOnsiY3JlYXRlIjoxMjAwMDAwMDAwMDAwLCJkZWxldGUiOjEyMDAwMDAwMDAwMDAsInVwZGF0ZSI6MTIwMDAwMDAwMDAwMH19",
          "dependencies": [
            "module.networking.data.google_compute_zones.available",
            "module.networking.google_compute_backend_service.default",
            "module.networking.google_compute_global_address.default",
            "module.networking.google_compute_health_check.autohealing",
            "module.networking.google_compute_instance_template.vm_web_template",
            "module.networking.google_compute_network.main",
            "module.networking.google_compute_region_instance_group_manager.vm_web_igm",
            "module.networking.google_compute_security_policy.policy",
            "module.networking.google_compute_subnetwork.private_subnet_1",
            "module.networking.google_compute_target_http_proxy.default",
            "module.networking.google_compute_url_map.default"
          ]
        }
      ]
    },
    {
      "module": "module.networking",
      "mode": "managed",
      "type": "google_compute_health_check",
      "name": "autohealing",
      "provider": "provider[\"registry.terraform.io/hashicorp/google\"]",
      "instances": [
        {
          "schema_version": 0,
          "attributes": {
            "check_interval_sec": 5,
            "creation_timestamp": "2022-07-17T02:25:46.674-07:00",
            "description": "",
            "grpc_health_check": [],
            "healthy_threshold": 2,
            "http2_health_check": [],
            "http_health_check": [
              {
                "host": "",
                "port": 80,
                "port_name": "",
                "port_specification": "",
                "proxy_header": "NONE",
                "request_path": "/",
                "response": ""
              }
            ],
            "https_health_check": [],
            "id": "projects/rcgnaecomoffshorepdp1000105852/global/healthChecks/autohealing-health-check",
            "log_config": [
              {
                "enable": false
              }
            ],
            "name": "autohealing-health-check",
            "project": "rcgnaecomoffshorepdp1000105852",
            "self_link": "https://www.googleapis.com/compute/v1/projects/rcgnaecomoffshorepdp1000105852/global/healthChecks/autohealing-health-check",
            "ssl_health_check": [],
            "tcp_health_check": [],
            "timeout_sec": 5,
            "timeouts": null,
            "type": "HTTP",
            "unhealthy_threshold": 10
          },
          "sensitive_attributes": [],
          "private": "eyJlMmJmYjczMC1lY2FhLTExZTYtOGY4OC0zNDM2M2JjN2M0YzAiOnsiY3JlYXRlIjoxMjAwMDAwMDAwMDAwLCJkZWxldGUiOjEyMDAwMDAwMDAwMDAsInVwZGF0ZSI6MTIwMDAwMDAwMDAwMH19"
        }
      ]
    },
    {
      "module": "module.networking",
      "mode": "managed",
      "type": "google_compute_instance_template",
      "name": "vm_app_template",
      "provider": "provider[\"registry.terraform.io/hashicorp/google\"]",
      "instances": [
        {
          "schema_version": 1,
          "attributes": {
            "advanced_machine_features": [],
            "can_ip_forward": false,
            "confidential_instance_config": [],
            "description": "",
            "disk": [
              {
                "auto_delete": true,
                "boot": true,
                "device_name": "persistent-disk-0",
                "disk_encryption_key": [],
                "disk_name": "",
                "disk_size_gb": 0,
                "disk_type": "pd-standard",
                "interface": "SCSI",
                "labels": {},
                "mode": "READ_WRITE",
                "resource_policies": [],
                "source": "",
                "source_image": "projects/debian-cloud/global/images/family/debian-10",
                "type": "PERSISTENT"
              }
            ],
            "guest_accelerator": [],
            "id": "projects/rcgnaecomoffshorepdp1000105852/global/instanceTemplates/l7-ilb-mig-template",
            "instance_description": "",
            "labels": null,
            "machine_type": "e2-small",
            "metadata": {},
            "metadata_fingerprint": "r-80Nfrc_8c=",
            "metadata_startup_script": "#! /bin/bash\nset -euo pipefail\n\nexport DEBIAN_FRONTEND=noninteractive\napt-get update\napt-get install -y nginx-light jq\n\nNAME=$(curl -H \"Metadata-Flavor: Google\" \"http://metadata.google.internal/computeMetadata/v1/instance/hostname\")\nZONE=$(curl -H \"Metadata-Flavor: Google\" \"http://metadata.google.internal/computeMetadata/v1/instance/zone\")\nIP=$(curl -H \"Metadata-Flavor: Google\" \"http://metadata.google.internal/computeMetadata/v1/instance/network-interfaces/0/ip\")\nMETADATA=$(curl -f -H \"Metadata-Flavor: Google\" \"http://metadata.google.internal/computeMetadata/v1/instance/attributes/?recursive=True\" | jq 'del(.[\"startup-script\"])')\n\ncat \u003c\u003cEOF \u003e/var/www/html/index.html\n\u003cpre\u003eName: $NAME\nZone: $ZONE\nIP: $IP\nMetadata: $METADATA\n\u003c/pre\u003e\nEOF\n",
            "min_cpu_platform": "",
            "name": "l7-ilb-mig-template",
            "name_prefix": null,
            "network_interface": [
              {
                "access_config": [],
                "alias_ip_range": [],
                "ipv6_access_config": [],
                "ipv6_access_type": "",
                "name": "nic0",
                "network": "https://www.googleapis.com/compute/v1/projects/rcgnaecomoffshorepdp1000105852/global/networks/main",
                "network_ip": "",
                "nic_type": "",
                "queue_count": 0,
                "stack_type": "",
                "subnetwork": "https://www.googleapis.com/compute/v1/projects/rcgnaecomoffshorepdp1000105852/regions/europe-west2/subnetworks/private-subnet-2",
                "subnetwork_project": "rcgnaecomoffshorepdp1000105852"
              }
            ],
            "project": "rcgnaecomoffshorepdp1000105852",
            "region": "europe-west2",
            "reservation_affinity": [],
            "scheduling": [
              {
                "automatic_restart": true,
                "min_node_cpus": 0,
                "node_affinities": [],
                "on_host_maintenance": "MIGRATE",
                "preemptible": false,
                "provisioning_model": "STANDARD"
              }
            ],
            "self_link": "https://www.googleapis.com/compute/v1/projects/rcgnaecomoffshorepdp1000105852/global/instanceTemplates/l7-ilb-mig-template",
            "service_account": [],
            "shielded_instance_config": [],
            "tags": [
              "http-app-server"
            ],
            "tags_fingerprint": "",
            "timeouts": null
          },
          "sensitive_attributes": [],
          "private": "eyJlMmJmYjczMC1lY2FhLTExZTYtOGY4OC0zNDM2M2JjN2M0YzAiOnsiY3JlYXRlIjoyNDAwMDAwMDAwMDAsImRlbGV0ZSI6MjQwMDAwMDAwMDAwfSwic2NoZW1hX3ZlcnNpb24iOiIxIn0=",
          "dependencies": [
            "module.networking.google_compute_network.main",
            "module.networking.google_compute_subnetwork.private_subnet_2"
          ],
          "create_before_destroy": true
        }
      ]
    },
    {
      "module": "module.networking",
      "mode": "managed",
      "type": "google_compute_instance_template",
      "name": "vm_web_template",
      "provider": "provider[\"registry.terraform.io/hashicorp/google\"]",
      "instances": [
        {
          "schema_version": 1,
          "attributes": {
            "advanced_machine_features": [],
            "can_ip_forward": false,
            "confidential_instance_config": [],
            "description": "",
            "disk": [
              {
                "auto_delete": true,
                "boot": true,
                "device_name": "persistent-disk-0",
                "disk_encryption_key": [],
                "disk_name": "",
                "disk_size_gb": 0,
                "disk_type": "pd-standard",
                "interface": "SCSI",
                "labels": {},
                "mode": "READ_WRITE",
                "resource_policies": [],
                "source": "",
                "source_image": "projects/debian-cloud/global/images/family/debian-10",
                "type": "PERSISTENT"
              }
            ],
            "guest_accelerator": [],
            "id": "projects/rcgnaecomoffshorepdp1000105852/global/instanceTemplates/vm-web-template-8",
            "instance_description": "",
            "labels": null,
            "machine_type": "e2-small",
            "metadata": {},
            "metadata_fingerprint": "r-80Nfrc_8c=",
            "metadata_startup_script": "#! /bin/bash\nset -euo pipefail\n\nexport DEBIAN_FRONTEND=noninteractive\napt-get update\napt-get install -y nginx-light jq\n\nNAME=$(curl -H \"Metadata-Flavor: Google\" \"http://metadata.google.internal/computeMetadata/v1/instance/hostname\")\nZONE=$(curl -H \"Metadata-Flavor: Google\" \"http://metadata.google.internal/computeMetadata/v1/instance/zone\")\nIP=$(curl -H \"Metadata-Flavor: Google\" \"http://metadata.google.internal/computeMetadata/v1/instance/network-interfaces/0/ip\")\nMETADATA=$(curl -f -H \"Metadata-Flavor: Google\" \"http://metadata.google.internal/computeMetadata/v1/instance/attributes/?recursive=True\" | jq 'del(.[\"startup-script\"])')\n\ncat \u003c\u003cEOF \u003e/var/www/html/index.html\n\u003cpre\u003eName: $NAME\nZone: $ZONE\nIP: $IP\nMetadata: $METADATA\n\u003c/pre\u003e\nEOF\n",
            "min_cpu_platform": "",
            "name": "vm-web-template-8",
            "name_prefix": null,
            "network_interface": [
              {
                "access_config": [],
                "alias_ip_range": [],
                "ipv6_access_config": [],
                "ipv6_access_type": "",
                "name": "nic0",
                "network": "https://www.googleapis.com/compute/v1/projects/rcgnaecomoffshorepdp1000105852/global/networks/main",
                "network_ip": "",
                "nic_type": "",
                "queue_count": 0,
                "stack_type": "",
                "subnetwork": "https://www.googleapis.com/compute/v1/projects/rcgnaecomoffshorepdp1000105852/regions/europe-west2/subnetworks/private-subnet-1",
                "subnetwork_project": "rcgnaecomoffshorepdp1000105852"
              }
            ],
            "project": "rcgnaecomoffshorepdp1000105852",
            "region": "europe-west2",
            "reservation_affinity": [],
            "scheduling": [
              {
                "automatic_restart": true,
                "min_node_cpus": 0,
                "node_affinities": [],
                "on_host_maintenance": "MIGRATE",
                "preemptible": false,
                "provisioning_model": "STANDARD"
              }
            ],
            "self_link": "https://www.googleapis.com/compute/v1/projects/rcgnaecomoffshorepdp1000105852/global/instanceTemplates/vm-web-template-8",
            "service_account": [],
            "shielded_instance_config": [],
            "tags": [
              "allow-web-health-check"
            ],
            "tags_fingerprint": "",
            "timeouts": null
          },
          "sensitive_attributes": [],
          "private": "eyJlMmJmYjczMC1lY2FhLTExZTYtOGY4OC0zNDM2M2JjN2M0YzAiOnsiY3JlYXRlIjoyNDAwMDAwMDAwMDAsImRlbGV0ZSI6MjQwMDAwMDAwMDAwfSwic2NoZW1hX3ZlcnNpb24iOiIxIn0=",
          "dependencies": [
            "module.networking.google_compute_network.main",
            "module.networking.google_compute_subnetwork.private_subnet_1"
          ],
          "create_before_destroy": true
        }
      ]
    },
    {
      "module": "module.networking",
      "mode": "managed",
      "type": "google_compute_network",
      "name": "main",
      "provider": "provider[\"registry.terraform.io/hashicorp/google\"]",
      "instances": [
        {
          "schema_version": 0,
          "attributes": {
            "auto_create_subnetworks": false,
            "delete_default_routes_on_create": false,
            "description": "",
            "enable_ula_internal_ipv6": false,
            "gateway_ipv4": "",
            "id": "projects/rcgnaecomoffshorepdp1000105852/global/networks/main",
            "internal_ipv6_range": "",
            "mtu": 0,
            "name": "main",
            "project": "rcgnaecomoffshorepdp1000105852",
            "routing_mode": "REGIONAL",
            "self_link": "https://www.googleapis.com/compute/v1/projects/rcgnaecomoffshorepdp1000105852/global/networks/main",
            "timeouts": null
          },
          "sensitive_attributes": [],
          "private": "eyJlMmJmYjczMC1lY2FhLTExZTYtOGY4OC0zNDM2M2JjN2M0YzAiOnsiY3JlYXRlIjoxMjAwMDAwMDAwMDAwLCJkZWxldGUiOjEyMDAwMDAwMDAwMDAsInVwZGF0ZSI6MTIwMDAwMDAwMDAwMH19",
          "create_before_destroy": true
        }
      ]
    },
    {
      "module": "module.networking",
      "mode": "managed",
      "type": "google_compute_region_backend_service",
      "name": "default",
      "provider": "provider[\"registry.terraform.io/hashicorp/google\"]",
      "instances": [
        {
          "schema_version": 1,
          "attributes": {
            "affinity_cookie_ttl_sec": 0,
            "backend": [
              {
                "balancing_mode": "UTILIZATION",
                "capacity_scaler": 1,
                "description": "",
                "failover": false,
                "group": "https://www.googleapis.com/compute/v1/projects/rcgnaecomoffshorepdp1000105852/regions/europe-west2/instanceGroups/l7-ilb-mig1",
                "max_connections": 0,
                "max_connections_per_endpoint": 0,
                "max_connections_per_instance": 0,
                "max_rate": 0,
                "max_rate_per_endpoint": 0,
                "max_rate_per_instance": 0,
                "max_utilization": 0
              }
            ],
            "cdn_policy": [],
            "circuit_breakers": [],
            "connection_draining_timeout_sec": 0,
            "consistent_hash": [],
            "creation_timestamp": "2022-07-17T08:05:35.370-07:00",
            "description": "",
            "enable_cdn": false,
            "failover_policy": [],
            "fingerprint": "Ohe-DUWKxpA=",
            "health_checks": [
              "https://www.googleapis.com/compute/v1/projects/rcgnaecomoffshorepdp1000105852/global/healthChecks/autohealing-health-check"
            ],
            "iap": [],
            "id": "projects/rcgnaecomoffshorepdp1000105852/regions/europe-west2/backendServices/l7-ilb-backend-subnet",
            "load_balancing_scheme": "INTERNAL_MANAGED",
            "locality_lb_policy": "",
            "log_config": [],
            "name": "l7-ilb-backend-subnet",
            "network": "",
            "outlier_detection": [],
            "port_name": "http",
            "project": "rcgnaecomoffshorepdp1000105852",
            "protocol": "HTTP",
            "region": "europe-west2",
            "self_link": "https://www.googleapis.com/compute/v1/projects/rcgnaecomoffshorepdp1000105852/regions/europe-west2/backendServices/l7-ilb-backend-subnet",
            "session_affinity": "NONE",
            "timeout_sec": 10,
            "timeouts": null
          },
          "sensitive_attributes": [],
          "private": "eyJlMmJmYjczMC1lY2FhLTExZTYtOGY4OC0zNDM2M2JjN2M0YzAiOnsiY3JlYXRlIjoxMjAwMDAwMDAwMDAwLCJkZWxldGUiOjEyMDAwMDAwMDAwMDAsInVwZGF0ZSI6MTIwMDAwMDAwMDAwMH0sInNjaGVtYV92ZXJzaW9uIjoiMSJ9",
          "dependencies": [
            "module.networking.data.google_compute_zones.available",
            "module.networking.google_compute_health_check.autohealing",
            "module.networking.google_compute_instance_template.vm_app_template",
            "module.networking.google_compute_network.main",
            "module.networking.google_compute_region_instance_group_manager.vm_app_igm",
            "module.networking.google_compute_subnetwork.private_subnet_2"
          ]
        }
      ]
    },
    {
      "module": "module.networking",
      "mode": "managed",
      "type": "google_compute_region_instance_group_manager",
      "name": "vm_app_igm",
      "provider": "provider[\"registry.terraform.io/hashicorp/google\"]",
      "instances": [
        {
          "schema_version": 0,
          "attributes": {
            "auto_healing_policies": [
              {
                "health_check": "https://www.googleapis.com/compute/v1/projects/rcgnaecomoffshorepdp1000105852/global/healthChecks/autohealing-health-check",
                "initial_delay_sec": 300
              }
            ],
            "base_instance_name": "vm-app",
            "description": "",
            "distribution_policy_target_shape": "EVEN",
            "distribution_policy_zones": [
              "europe-west2-a",
              "europe-west2-b",
              "europe-west2-c"
            ],
            "fingerprint": "ekKbXTPctcE=",
            "id": "projects/rcgnaecomoffshorepdp1000105852/regions/europe-west2/instanceGroupManagers/l7-ilb-mig1",
            "instance_group": "https://www.googleapis.com/compute/v1/projects/rcgnaecomoffshorepdp1000105852/regions/europe-west2/instanceGroups/l7-ilb-mig1",
            "name": "l7-ilb-mig1",
            "named_port": [
              {
                "name": "http",
                "port": 80
              }
            ],
            "project": "rcgnaecomoffshorepdp1000105852",
            "region": "europe-west2",
            "self_link": "https://www.googleapis.com/compute/v1/projects/rcgnaecomoffshorepdp1000105852/regions/europe-west2/instanceGroupManagers/l7-ilb-mig1",
            "stateful_disk": [],
            "status": [
              {
                "is_stable": true,
                "stateful": [
                  {
                    "has_stateful_config": false,
                    "per_instance_configs": [
                      {
                        "all_effective": true
                      }
                    ]
                  }
                ],
                "version_target": [
                  {
                    "is_reached": true
                  }
                ]
              }
            ],
            "target_pools": [],
            "target_size": 3,
            "timeouts": null,
            "update_policy": [
              {
                "instance_redistribution_type": "PROACTIVE",
                "max_surge_fixed": 3,
                "max_surge_percent": 0,
                "max_unavailable_fixed": 3,
                "max_unavailable_percent": 0,
                "minimal_action": "REPLACE",
                "most_disruptive_allowed_action": "",
                "replacement_method": "SUBSTITUTE",
                "type": "OPPORTUNISTIC"
              }
            ],
            "version": [
              {
                "instance_template": "https://www.googleapis.com/compute/v1/projects/rcgnaecomoffshorepdp1000105852/global/instanceTemplates/l7-ilb-mig-template",
                "name": "",
                "target_size": []
              }
            ],
            "wait_for_instances": false,
            "wait_for_instances_status": "STABLE"
          },
          "sensitive_attributes": [],
          "private": "eyJlMmJmYjczMC1lY2FhLTExZTYtOGY4OC0zNDM2M2JjN2M0YzAiOnsiY3JlYXRlIjo5MDAwMDAwMDAwMDAsImRlbGV0ZSI6OTAwMDAwMDAwMDAwLCJ1cGRhdGUiOjkwMDAwMDAwMDAwMH19",
          "dependencies": [
            "module.networking.data.google_compute_zones.available",
            "module.networking.google_compute_health_check.autohealing",
            "module.networking.google_compute_instance_template.vm_app_template",
            "module.networking.google_compute_network.main",
            "module.networking.google_compute_subnetwork.private_subnet_2"
          ]
        }
      ]
    },
    {
      "module": "module.networking",
      "mode": "managed",
      "type": "google_compute_region_instance_group_manager",
      "name": "vm_web_igm",
      "provider": "provider[\"registry.terraform.io/hashicorp/google\"]",
      "instances": [
        {
          "schema_version": 0,
          "attributes": {
            "auto_healing_policies": [
              {
                "health_check": "https://www.googleapis.com/compute/v1/projects/rcgnaecomoffshorepdp1000105852/global/healthChecks/autohealing-health-check",
                "initial_delay_sec": 300
              }
            ],
            "base_instance_name": "vm-web",
            "description": "",
            "distribution_policy_target_shape": "EVEN",
            "distribution_policy_zones": [
              "europe-west2-a",
              "europe-west2-b",
              "europe-west2-c"
            ],
            "fingerprint": "Grx1jcK2wyw=",
            "id": "projects/rcgnaecomoffshorepdp1000105852/regions/europe-west2/instanceGroupManagers/vm-web-igm",
            "instance_group": "https://www.googleapis.com/compute/v1/projects/rcgnaecomoffshorepdp1000105852/regions/europe-west2/instanceGroups/vm-web-igm",
            "name": "vm-web-igm",
            "named_port": [
              {
                "name": "http",
                "port": 80
              }
            ],
            "project": "rcgnaecomoffshorepdp1000105852",
            "region": "europe-west2",
            "self_link": "https://www.googleapis.com/compute/v1/projects/rcgnaecomoffshorepdp1000105852/regions/europe-west2/instanceGroupManagers/vm-web-igm",
            "stateful_disk": [],
            "status": [
              {
                "is_stable": true,
                "stateful": [
                  {
                    "has_stateful_config": false,
                    "per_instance_configs": [
                      {
                        "all_effective": true
                      }
                    ]
                  }
                ],
                "version_target": [
                  {
                    "is_reached": true
                  }
                ]
              }
            ],
            "target_pools": [],
            "target_size": 3,
            "timeouts": null,
            "update_policy": [
              {
                "instance_redistribution_type": "PROACTIVE",
                "max_surge_fixed": 3,
                "max_surge_percent": 0,
                "max_unavailable_fixed": 3,
                "max_unavailable_percent": 0,
                "minimal_action": "REPLACE",
                "most_disruptive_allowed_action": "",
                "replacement_method": "SUBSTITUTE",
                "type": "PROACTIVE"
              }
            ],
            "version": [
              {
                "instance_template": "https://www.googleapis.com/compute/v1/projects/rcgnaecomoffshorepdp1000105852/global/instanceTemplates/vm-web-template-8",
                "name": "",
                "target_size": []
              }
            ],
            "wait_for_instances": false,
            "wait_for_instances_status": "STABLE"
          },
          "sensitive_attributes": [],
          "private": "eyJlMmJmYjczMC1lY2FhLTExZTYtOGY4OC0zNDM2M2JjN2M0YzAiOnsiY3JlYXRlIjo5MDAwMDAwMDAwMDAsImRlbGV0ZSI6OTAwMDAwMDAwMDAwLCJ1cGRhdGUiOjkwMDAwMDAwMDAwMH19",
          "dependencies": [
            "module.networking.data.google_compute_zones.available",
            "module.networking.google_compute_health_check.autohealing",
            "module.networking.google_compute_instance_template.vm_web_template",
            "module.networking.google_compute_network.main",
            "module.networking.google_compute_subnetwork.private_subnet_1"
          ]
        }
      ]
    },
    {
      "module": "module.networking",
      "mode": "managed",
      "type": "google_compute_region_target_http_proxy",
      "name": "default",
      "provider": "provider[\"registry.terraform.io/hashicorp/google\"]",
      "instances": [
        {
          "schema_version": 0,
          "attributes": {
            "creation_timestamp": "2022-07-17T08:06:10.861-07:00",
            "description": "",
            "id": "projects/rcgnaecomoffshorepdp1000105852/regions/europe-west2/targetHttpProxies/l7-ilb-target-http-proxy",
            "name": "l7-ilb-target-http-proxy",
            "project": "rcgnaecomoffshorepdp1000105852",
            "proxy_id": 2485406446741199757,
            "region": "europe-west2",
            "self_link": "https://www.googleapis.com/compute/v1/projects/rcgnaecomoffshorepdp1000105852/regions/europe-west2/targetHttpProxies/l7-ilb-target-http-proxy",
            "timeouts": null,
            "url_map": "https://www.googleapis.com/compute/v1/projects/rcgnaecomoffshorepdp1000105852/regions/europe-west2/urlMaps/l7-ilb-regional-url-map"
          },
          "sensitive_attributes": [],
          "private": "eyJlMmJmYjczMC1lY2FhLTExZTYtOGY4OC0zNDM2M2JjN2M0YzAiOnsiY3JlYXRlIjoxMjAwMDAwMDAwMDAwLCJkZWxldGUiOjEyMDAwMDAwMDAwMDAsInVwZGF0ZSI6MTIwMDAwMDAwMDAwMH19",
          "dependencies": [
            "module.networking.data.google_compute_zones.available",
            "module.networking.google_compute_health_check.autohealing",
            "module.networking.google_compute_instance_template.vm_app_template",
            "module.networking.google_compute_network.main",
            "module.networking.google_compute_region_backend_service.default",
            "module.networking.google_compute_region_instance_group_manager.vm_app_igm",
            "module.networking.google_compute_region_url_map.default",
            "module.networking.google_compute_subnetwork.private_subnet_2"
          ]
        }
      ]
    },
    {
      "module": "module.networking",
      "mode": "managed",
      "type": "google_compute_region_url_map",
      "name": "default",
      "provider": "provider[\"registry.terraform.io/hashicorp/google\"]",
      "instances": [
        {
          "schema_version": 0,
          "attributes": {
            "creation_timestamp": "2022-07-17T08:06:08.880-07:00",
            "default_service": "https://www.googleapis.com/compute/v1/projects/rcgnaecomoffshorepdp1000105852/regions/europe-west2/backendServices/l7-ilb-backend-subnet",
            "default_url_redirect": [],
            "description": "",
            "fingerprint": "ywzg2o51OQg=",
            "host_rule": [],
            "id": "projects/rcgnaecomoffshorepdp1000105852/regions/europe-west2/urlMaps/l7-ilb-regional-url-map",
            "map_id": 6616908863708437391,
            "name": "l7-ilb-regional-url-map",
            "path_matcher": [],
            "project": "rcgnaecomoffshorepdp1000105852",
            "region": "europe-west2",
            "self_link": "https://www.googleapis.com/compute/v1/projects/rcgnaecomoffshorepdp1000105852/regions/europe-west2/urlMaps/l7-ilb-regional-url-map",
            "test": [],
            "timeouts": null
          },
          "sensitive_attributes": [],
          "private": "eyJlMmJmYjczMC1lY2FhLTExZTYtOGY4OC0zNDM2M2JjN2M0YzAiOnsiY3JlYXRlIjoxMjAwMDAwMDAwMDAwLCJkZWxldGUiOjEyMDAwMDAwMDAwMDAsInVwZGF0ZSI6MTIwMDAwMDAwMDAwMH19",
          "dependencies": [
            "module.networking.data.google_compute_zones.available",
            "module.networking.google_compute_health_check.autohealing",
            "module.networking.google_compute_instance_template.vm_app_template",
            "module.networking.google_compute_network.main",
            "module.networking.google_compute_region_backend_service.default",
            "module.networking.google_compute_region_instance_group_manager.vm_app_igm",
            "module.networking.google_compute_subnetwork.private_subnet_2"
          ]
        }
      ]
    },
    {
      "module": "module.networking",
      "mode": "managed",
      "type": "google_compute_router",
      "name": "router",
      "provider": "provider[\"registry.terraform.io/hashicorp/google\"]",
      "instances": [
        {
          "schema_version": 0,
          "attributes": {
            "bgp": [
              {
                "advertise_mode": "CUSTOM",
                "advertised_groups": [],
                "advertised_ip_ranges": [],
                "asn": 64514,
                "keepalive_interval": 20
              }
            ],
            "creation_timestamp": "2022-07-16T12:28:53.162-07:00",
            "description": "",
            "encrypted_interconnect_router": false,
            "id": "projects/rcgnaecomoffshorepdp1000105852/regions/europe-west2/routers/router",
            "name": "router",
            "network": "https://www.googleapis.com/compute/v1/projects/rcgnaecomoffshorepdp1000105852/global/networks/main",
            "project": "rcgnaecomoffshorepdp1000105852",
            "region": "europe-west2",
            "self_link": "https://www.googleapis.com/compute/v1/projects/rcgnaecomoffshorepdp1000105852/regions/europe-west2/routers/router",
            "timeouts": null
          },
          "sensitive_attributes": [],
          "private": "eyJlMmJmYjczMC1lY2FhLTExZTYtOGY4OC0zNDM2M2JjN2M0YzAiOnsiY3JlYXRlIjoxMjAwMDAwMDAwMDAwLCJkZWxldGUiOjEyMDAwMDAwMDAwMDAsInVwZGF0ZSI6MTIwMDAwMDAwMDAwMH19",
          "dependencies": [
            "module.networking.google_compute_network.main"
          ]
        }
      ]
    },
    {
      "module": "module.networking",
      "mode": "managed",
      "type": "google_compute_router_nat",
      "name": "nat",
      "provider": "provider[\"registry.terraform.io/hashicorp/google\"]",
      "instances": [
        {
          "schema_version": 0,
          "attributes": {
            "drain_nat_ips": [],
            "enable_dynamic_port_allocation": false,
            "enable_endpoint_independent_mapping": true,
            "icmp_idle_timeout_sec": 30,
            "id": "rcgnaecomoffshorepdp1000105852/europe-west2/router/nat",
            "log_config": [],
            "max_ports_per_vm": 0,
            "min_ports_per_vm": 0,
            "name": "nat",
            "nat_ip_allocate_option": "AUTO_ONLY",
            "nat_ips": [],
            "project": "rcgnaecomoffshorepdp1000105852",
            "region": "europe-west2",
            "router": "router",
            "source_subnetwork_ip_ranges_to_nat": "ALL_SUBNETWORKS_ALL_IP_RANGES",
            "subnetwork": [],
            "tcp_established_idle_timeout_sec": 1200,
            "tcp_transitory_idle_timeout_sec": 30,
            "timeouts": null,
            "udp_idle_timeout_sec": 30
          },
          "sensitive_attributes": [],
          "private": "eyJlMmJmYjczMC1lY2FhLTExZTYtOGY4OC0zNDM2M2JjN2M0YzAiOnsiY3JlYXRlIjoxMjAwMDAwMDAwMDAwLCJkZWxldGUiOjEyMDAwMDAwMDAwMDAsInVwZGF0ZSI6MTIwMDAwMDAwMDAwMH19",
          "dependencies": [
            "module.networking.google_compute_network.main",
            "module.networking.google_compute_router.router"
          ]
        }
      ]
    },
    {
      "module": "module.networking",
      "mode": "managed",
      "type": "google_compute_security_policy",
      "name": "policy",
      "provider": "provider[\"registry.terraform.io/hashicorp/google\"]",
      "instances": [
        {
          "schema_version": 0,
          "attributes": {
            "advanced_options_config": [],
            "description": "",
            "fingerprint": "opHB4N2MKuA=",
            "id": "projects/rcgnaecomoffshorepdp1000105852/global/securityPolicies/my-policy",
            "name": "my-policy",
            "project": "rcgnaecomoffshorepdp1000105852",
            "rule": [
              {
                "action": "allow",
                "description": "default rule",
                "match": [
                  {
                    "config": [
                      {
                        "src_ip_ranges": [
                          "*"
                        ]
                      }
                    ],
                    "expr": [],
                    "versioned_expr": "SRC_IPS_V1"
                  }
                ],
                "preview": false,
                "priority": 2147483647
              },
              {
                "action": "deny(403)",
                "description": "Deny access to IPs in 35.246.125.70/32",
                "match": [
                  {
                    "config": [
                      {
                        "src_ip_ranges": [
                          "35.246.125.70/32"
                        ]
                      }
                    ],
                    "expr": [],
                    "versioned_expr": "SRC_IPS_V1"
                  }
                ],
                "preview": false,
                "priority": 1000
              }
            ],
            "self_link": "https://www.googleapis.com/compute/v1/projects/rcgnaecomoffshorepdp1000105852/global/securityPolicies/my-policy",
            "timeouts": null,
            "type": "CLOUD_ARMOR"
          },
          "sensitive_attributes": [],
          "private": "eyJlMmJmYjczMC1lY2FhLTExZTYtOGY4OC0zNDM2M2JjN2M0YzAiOnsiY3JlYXRlIjoyNDAwMDAwMDAwMDAsImRlbGV0ZSI6MjQwMDAwMDAwMDAwLCJ1cGRhdGUiOjI0MDAwMDAwMDAwMH19"
        }
      ]
    },
    {
      "module": "module.networking",
      "mode": "managed",
      "type": "google_compute_subnetwork",
      "name": "private_subnet_1",
      "provider": "provider[\"registry.terraform.io/hashicorp/google\"]",
      "instances": [
        {
          "schema_version": 0,
          "attributes": {
            "creation_timestamp": "2022-07-16T12:28:54.166-07:00",
            "description": "",
            "external_ipv6_prefix": "",
            "fingerprint": null,
            "gateway_address": "10.154.3.1",
            "id": "projects/rcgnaecomoffshorepdp1000105852/regions/europe-west2/subnetworks/private-subnet-1",
            "ip_cidr_range": "10.154.3.0/24",
            "ipv6_access_type": "",
            "ipv6_cidr_range": "",
            "log_config": [],
            "name": "private-subnet-1",
            "network": "https://www.googleapis.com/compute/v1/projects/rcgnaecomoffshorepdp1000105852/global/networks/main",
            "private_ip_google_access": false,
            "private_ipv6_google_access": "DISABLE_GOOGLE_ACCESS",
            "project": "rcgnaecomoffshorepdp1000105852",
            "purpose": "PRIVATE",
            "region": "europe-west2",
            "role": "",
            "secondary_ip_range": [],
            "self_link": "https://www.googleapis.com/compute/v1/projects/rcgnaecomoffshorepdp1000105852/regions/europe-west2/subnetworks/private-subnet-1",
            "stack_type": "IPV4_ONLY",
            "timeouts": null
          },
          "sensitive_attributes": [],
          "private": "eyJlMmJmYjczMC1lY2FhLTExZTYtOGY4OC0zNDM2M2JjN2M0YzAiOnsiY3JlYXRlIjoxMjAwMDAwMDAwMDAwLCJkZWxldGUiOjEyMDAwMDAwMDAwMDAsInVwZGF0ZSI6MTIwMDAwMDAwMDAwMH19",
          "dependencies": [
            "module.networking.google_compute_network.main"
          ],
          "create_before_destroy": true
        }
      ]
    },
    {
      "module": "module.networking",
      "mode": "managed",
      "type": "google_compute_subnetwork",
      "name": "private_subnet_2",
      "provider": "provider[\"registry.terraform.io/hashicorp/google\"]",
      "instances": [
        {
          "schema_version": 0,
          "attributes": {
            "creation_timestamp": "2022-07-16T12:28:53.984-07:00",
            "description": "",
            "external_ipv6_prefix": "",
            "fingerprint": null,
            "gateway_address": "10.154.4.1",
            "id": "projects/rcgnaecomoffshorepdp1000105852/regions/europe-west2/subnetworks/private-subnet-2",
            "ip_cidr_range": "10.154.4.0/24",
            "ipv6_access_type": "",
            "ipv6_cidr_range": "",
            "log_config": [],
            "name": "private-subnet-2",
            "network": "https://www.googleapis.com/compute/v1/projects/rcgnaecomoffshorepdp1000105852/global/networks/main",
            "private_ip_google_access": false,
            "private_ipv6_google_access": "DISABLE_GOOGLE_ACCESS",
            "project": "rcgnaecomoffshorepdp1000105852",
            "purpose": "PRIVATE",
            "region": "europe-west2",
            "role": "",
            "secondary_ip_range": [],
            "self_link": "https://www.googleapis.com/compute/v1/projects/rcgnaecomoffshorepdp1000105852/regions/europe-west2/subnetworks/private-subnet-2",
            "stack_type": "IPV4_ONLY",
            "timeouts": null
          },
          "sensitive_attributes": [],
          "private": "eyJlMmJmYjczMC1lY2FhLTExZTYtOGY4OC0zNDM2M2JjN2M0YzAiOnsiY3JlYXRlIjoxMjAwMDAwMDAwMDAwLCJkZWxldGUiOjEyMDAwMDAwMDAwMDAsInVwZGF0ZSI6MTIwMDAwMDAwMDAwMH19",
          "dependencies": [
            "module.networking.google_compute_network.main"
          ],
          "create_before_destroy": true
        }
      ]
    },
    {
      "module": "module.networking",
      "mode": "managed",
      "type": "google_compute_subnetwork",
      "name": "proxy_subnet",
      "provider": "provider[\"registry.terraform.io/hashicorp/google\"]",
      "instances": [
        {
          "schema_version": 0,
          "attributes": {
            "creation_timestamp": "2022-07-17T08:04:48.696-07:00",
            "description": "",
            "external_ipv6_prefix": "",
            "fingerprint": null,
            "gateway_address": "10.154.5.1",
            "id": "projects/rcgnaecomoffshorepdp1000105852/regions/europe-west2/subnetworks/l7-ilb-proxy-subnet",
            "ip_cidr_range": "10.154.5.0/24",
            "ipv6_access_type": "",
            "ipv6_cidr_range": "",
            "log_config": [],
            "name": "l7-ilb-proxy-subnet",
            "network": "https://www.googleapis.com/compute/v1/projects/rcgnaecomoffshorepdp1000105852/global/networks/main",
            "private_ip_google_access": false,
            "private_ipv6_google_access": "DISABLE_GOOGLE_ACCESS",
            "project": "rcgnaecomoffshorepdp1000105852",
            "purpose": "INTERNAL_HTTPS_LOAD_BALANCER",
            "region": "europe-west2",
            "role": "ACTIVE",
            "secondary_ip_range": [],
            "self_link": "https://www.googleapis.com/compute/v1/projects/rcgnaecomoffshorepdp1000105852/regions/europe-west2/subnetworks/l7-ilb-proxy-subnet",
            "stack_type": "",
            "timeouts": null
          },
          "sensitive_attributes": [],
          "private": "eyJlMmJmYjczMC1lY2FhLTExZTYtOGY4OC0zNDM2M2JjN2M0YzAiOnsiY3JlYXRlIjoxMjAwMDAwMDAwMDAwLCJkZWxldGUiOjEyMDAwMDAwMDAwMDAsInVwZGF0ZSI6MTIwMDAwMDAwMDAwMH19",
          "dependencies": [
            "module.networking.google_compute_network.main"
          ]
        }
      ]
    },
    {
      "module": "module.networking",
      "mode": "managed",
      "type": "google_compute_target_http_proxy",
      "name": "default",
      "provider": "provider[\"registry.terraform.io/hashicorp/google\"]",
      "instances": [
        {
          "schema_version": 0,
          "attributes": {
            "creation_timestamp": "2022-07-17T04:40:37.907-07:00",
            "description": "",
            "id": "projects/rcgnaecomoffshorepdp1000105852/global/targetHttpProxies/l7-xlb-target-http-proxy-8",
            "name": "l7-xlb-target-http-proxy-8",
            "project": "rcgnaecomoffshorepdp1000105852",
            "proxy_bind": false,
            "proxy_id": 573417779726535642,
            "self_link": "https://www.googleapis.com/compute/v1/projects/rcgnaecomoffshorepdp1000105852/global/targetHttpProxies/l7-xlb-target-http-proxy-8",
            "timeouts": null,
            "url_map": "https://www.googleapis.com/compute/v1/projects/rcgnaecomoffshorepdp1000105852/global/urlMaps/l7-xlb-url-map-8"
          },
          "sensitive_attributes": [],
          "private": "eyJlMmJmYjczMC1lY2FhLTExZTYtOGY4OC0zNDM2M2JjN2M0YzAiOnsiY3JlYXRlIjoxMjAwMDAwMDAwMDAwLCJkZWxldGUiOjEyMDAwMDAwMDAwMDAsInVwZGF0ZSI6MTIwMDAwMDAwMDAwMH19",
          "dependencies": [
            "module.networking.data.google_compute_zones.available",
            "module.networking.google_compute_backend_service.default",
            "module.networking.google_compute_health_check.autohealing",
            "module.networking.google_compute_instance_template.vm_web_template",
            "module.networking.google_compute_network.main",
            "module.networking.google_compute_region_instance_group_manager.vm_web_igm",
            "module.networking.google_compute_security_policy.policy",
            "module.networking.google_compute_subnetwork.private_subnet_1",
            "module.networking.google_compute_url_map.default"
          ]
        }
      ]
    },
    {
      "module": "module.networking",
      "mode": "managed",
      "type": "google_compute_url_map",
      "name": "default",
      "provider": "provider[\"registry.terraform.io/hashicorp/google\"]",
      "instances": [
        {
          "schema_version": 0,
          "attributes": {
            "creation_timestamp": "2022-07-17T04:40:26.080-07:00",
            "default_route_action": [],
            "default_service": "https://www.googleapis.com/compute/v1/projects/rcgnaecomoffshorepdp1000105852/global/backendServices/l7-xlb-backend-service-8",
            "default_url_redirect": [],
            "description": "",
            "fingerprint": "UpLOPeVEXNc=",
            "header_action": [],
            "host_rule": [],
            "id": "projects/rcgnaecomoffshorepdp1000105852/global/urlMaps/l7-xlb-url-map-8",
            "map_id": 3054514343883197381,
            "name": "l7-xlb-url-map-8",
            "path_matcher": [],
            "project": "rcgnaecomoffshorepdp1000105852",
            "self_link": "https://www.googleapis.com/compute/v1/projects/rcgnaecomoffshorepdp1000105852/global/urlMaps/l7-xlb-url-map-8",
            "test": [],
            "timeouts": null
          },
          "sensitive_attributes": [],
          "private": "eyJlMmJmYjczMC1lY2FhLTExZTYtOGY4OC0zNDM2M2JjN2M0YzAiOnsiY3JlYXRlIjoxMjAwMDAwMDAwMDAwLCJkZWxldGUiOjEyMDAwMDAwMDAwMDAsInVwZGF0ZSI6MTIwMDAwMDAwMDAwMH19",
          "dependencies": [
            "module.networking.data.google_compute_zones.available",
            "module.networking.google_compute_backend_service.default",
            "module.networking.google_compute_health_check.autohealing",
            "module.networking.google_compute_instance_template.vm_web_template",
            "module.networking.google_compute_network.main",
            "module.networking.google_compute_region_instance_group_manager.vm_web_igm",
            "module.networking.google_compute_security_policy.policy",
            "module.networking.google_compute_subnetwork.private_subnet_1"
          ]
        }
      ]
    },
    {
      "module": "module.networking",
      "mode": "managed",
      "type": "google_service_networking_connection",
      "name": "main_vpc_connection",
      "provider": "provider[\"registry.terraform.io/hashicorp/google\"]",
      "instances": [
        {
          "schema_version": 0,
          "attributes": {
            "id": "projects%2Frcgnaecomoffshorepdp1000105852%2Fglobal%2Fnetworks%2Fmain:servicenetworking.googleapis.com",
            "network": "projects/rcgnaecomoffshorepdp1000105852/global/networks/main",
            "peering": "servicenetworking-googleapis-com",
            "reserved_peering_ranges": [
              "private-ip-address"
            ],
            "service": "servicenetworking.googleapis.com",
            "timeouts": null
          },
          "sensitive_attributes": [],
          "private": "eyJlMmJmYjczMC1lY2FhLTExZTYtOGY4OC0zNDM2M2JjN2M0YzAiOnsiY3JlYXRlIjo2MDAwMDAwMDAwMDAsImRlbGV0ZSI6NjAwMDAwMDAwMDAwLCJ1cGRhdGUiOjYwMDAwMDAwMDAwMH19",
          "dependencies": [
            "module.networking.google_compute_global_address.private_ip_address",
            "module.networking.google_compute_network.main"
          ]
        }
      ]
    },
    {
      "module": "module.networking",
      "mode": "managed",
      "type": "random_id",
      "name": "random",
      "provider": "provider[\"registry.terraform.io/hashicorp/random\"]",
      "instances": [
        {
          "schema_version": 0,
          "attributes": {
            "b64_std": "aYU=",
            "b64_url": "aYU",
            "byte_length": 2,
            "dec": "27013",
            "hex": "6985",
            "id": "aYU",
            "keepers": null,
            "prefix": null
          },
          "sensitive_attributes": [],
          "private": "bnVsbA=="
        }
      ]
    }
  ]
}
